// !$*UTF8*$!
{
	archiveVersion = 1;
	classes = {
	};
	objectVersion = 55;
	objects = {

/* Begin PBXBuildFile section */
		DE2835AA27AB9CE900D6D56A /* ECards_App.swift in Sources */ = {isa = PBXBuildFile; fileRef = DE2835A927AB9CE900D6D56A /* ECards_App.swift */; };
		DE2835AC27AB9CE900D6D56A /* ContentView.swift in Sources */ = {isa = PBXBuildFile; fileRef = DE2835AB27AB9CE900D6D56A /* ContentView.swift */; };
		DE2835AE27AB9CEC00D6D56A /* Assets.xcassets in Resources */ = {isa = PBXBuildFile; fileRef = DE2835AD27AB9CEC00D6D56A /* Assets.xcassets */; };
		DE2835B127AB9CEC00D6D56A /* Preview Assets.xcassets in Resources */ = {isa = PBXBuildFile; fileRef = DE2835B027AB9CEC00D6D56A /* Preview Assets.xcassets */; };
		DE2835B827AB9D2B00D6D56A /* DataBase.swift in Sources */ = {isa = PBXBuildFile; fileRef = DE2835B727AB9D2B00D6D56A /* DataBase.swift */; };
		DE2835BC27AB9D8500D6D56A /* data.sqlite in Resources */ = {isa = PBXBuildFile; fileRef = DE2835BB27AB9D8500D6D56A /* data.sqlite */; };
		DE2835BE27AB9D9C00D6D56A /* MenuView.swift in Sources */ = {isa = PBXBuildFile; fileRef = DE2835BD27AB9D9C00D6D56A /* MenuView.swift */; };
		DE2835C027AB9DD800D6D56A /* SettingsView.swift in Sources */ = {isa = PBXBuildFile; fileRef = DE2835BF27AB9DD800D6D56A /* SettingsView.swift */; };
		DE2835C427AB9E9900D6D56A /* WordsView.swift in Sources */ = {isa = PBXBuildFile; fileRef = DE2835C327AB9E9900D6D56A /* WordsView.swift */; };
		DE2835C627AB9EA600D6D56A /* GameView.swift in Sources */ = {isa = PBXBuildFile; fileRef = DE2835C527AB9EA600D6D56A /* GameView.swift */; };
		DE2835CD27AB9F4A00D6D56A /* FirstOpenView.swift in Sources */ = {isa = PBXBuildFile; fileRef = DE2835CC27AB9F4A00D6D56A /* FirstOpenView.swift */; };
		DE2835CF27AB9F5700D6D56A /* FirstOpenView_2.swift in Sources */ = {isa = PBXBuildFile; fileRef = DE2835CE27AB9F5700D6D56A /* FirstOpenView_2.swift */; };
		DE2835D127AB9F6E00D6D56A /* FirstOpenView_3.swift in Sources */ = {isa = PBXBuildFile; fileRef = DE2835D027AB9F6E00D6D56A /* FirstOpenView_3.swift */; };
		DEA69AC527ABA1860067FFA8 /* SQLite in Frameworks */ = {isa = PBXBuildFile; productRef = DEA69AC427ABA1860067FFA8 /* SQLite */; };
		DEA69AC727ABA1FA0067FFA8 /* GoogleService-Info.plist in Resources */ = {isa = PBXBuildFile; fileRef = DEA69AC627ABA1FA0067FFA8 /* GoogleService-Info.plist */; };
		DEA69ACA27ABA34A0067FFA8 /* FirebaseAnalytics in Frameworks */ = {isa = PBXBuildFile; productRef = DEA69AC927ABA34A0067FFA8 /* FirebaseAnalytics */; };
		DEA69ACC27ABA34A0067FFA8 /* FirebaseAuth in Frameworks */ = {isa = PBXBuildFile; productRef = DEA69ACB27ABA34A0067FFA8 /* FirebaseAuth */; };
		DEA69ACE27ABA6D40067FFA8 /* SignIn.swift in Sources */ = {isa = PBXBuildFile; fileRef = DEA69ACD27ABA6D40067FFA8 /* SignIn.swift */; };
/* End PBXBuildFile section */

/* Begin PBXFileReference section */
		DE2835A627AB9CE900D6D56A /* ECards!.app */ = {isa = PBXFileReference; explicitFileType = wrapper.application; includeInIndex = 0; path = "ECards!.app"; sourceTree = BUILT_PRODUCTS_DIR; };
		DE2835A927AB9CE900D6D56A /* ECards_App.swift */ = {isa = PBXFileReference; lastKnownFileType = sourcecode.swift; path = ECards_App.swift; sourceTree = "<group>"; };
		DE2835AB27AB9CE900D6D56A /* ContentView.swift */ = {isa = PBXFileReference; lastKnownFileType = sourcecode.swift; path = ContentView.swift; sourceTree = "<group>"; };
		DE2835AD27AB9CEC00D6D56A /* Assets.xcassets */ = {isa = PBXFileReference; lastKnownFileType = folder.assetcatalog; path = Assets.xcassets; sourceTree = "<group>"; };
		DE2835B027AB9CEC00D6D56A /* Preview Assets.xcassets */ = {isa = PBXFileReference; lastKnownFileType = folder.assetcatalog; path = "Preview Assets.xcassets"; sourceTree = "<group>"; };
		DE2835B727AB9D2B00D6D56A /* DataBase.swift */ = {isa = PBXFileReference; lastKnownFileType = sourcecode.swift; path = DataBase.swift; sourceTree = "<group>"; };
		DE2835BB27AB9D8500D6D56A /* data.sqlite */ = {isa = PBXFileReference; lastKnownFileType = file; path = data.sqlite; sourceTree = "<group>"; };
		DE2835BD27AB9D9C00D6D56A /* MenuView.swift */ = {isa = PBXFileReference; lastKnownFileType = sourcecode.swift; path = MenuView.swift; sourceTree = "<group>"; };
		DE2835BF27AB9DD800D6D56A /* SettingsView.swift */ = {isa = PBXFileReference; lastKnownFileType = sourcecode.swift; path = SettingsView.swift; sourceTree = "<group>"; };
		DE2835C327AB9E9900D6D56A /* WordsView.swift */ = {isa = PBXFileReference; lastKnownFileType = sourcecode.swift; path = WordsView.swift; sourceTree = "<group>"; };
		DE2835C527AB9EA600D6D56A /* GameView.swift */ = {isa = PBXFileReference; lastKnownFileType = sourcecode.swift; path = GameView.swift; sourceTree = "<group>"; };
		DE2835CC27AB9F4A00D6D56A /* FirstOpenView.swift */ = {isa = PBXFileReference; lastKnownFileType = sourcecode.swift; path = FirstOpenView.swift; sourceTree = "<group>"; };
		DE2835CE27AB9F5700D6D56A /* FirstOpenView_2.swift */ = {isa = PBXFileReference; lastKnownFileType = sourcecode.swift; path = FirstOpenView_2.swift; sourceTree = "<group>"; };
		DE2835D027AB9F6E00D6D56A /* FirstOpenView_3.swift */ = {isa = PBXFileReference; lastKnownFileType = sourcecode.swift; path = FirstOpenView_3.swift; sourceTree = "<group>"; };
		DEA69AC627ABA1FA0067FFA8 /* GoogleService-Info.plist */ = {isa = PBXFileReference; fileEncoding = 4; lastKnownFileType = text.plist.xml; path = "GoogleService-Info.plist"; sourceTree = "<group>"; };
		DEA69ACD27ABA6D40067FFA8 /* SignIn.swift */ = {isa = PBXFileReference; lastKnownFileType = sourcecode.swift; path = SignIn.swift; sourceTree = "<group>"; };
/* End PBXFileReference section */

/* Begin PBXFrameworksBuildPhase section */
		DE2835A327AB9CE900D6D56A /* Frameworks */ = {
			isa = PBXFrameworksBuildPhase;
			buildActionMask = 2147483647;
			files = (
				DEA69ACA27ABA34A0067FFA8 /* FirebaseAnalytics in Frameworks */,
				DEA69ACC27ABA34A0067FFA8 /* FirebaseAuth in Frameworks */,
				DEA69AC527ABA1860067FFA8 /* SQLite in Frameworks */,
			);
			runOnlyForDeploymentPostprocessing = 0;
		};
/* End PBXFrameworksBuildPhase section */

/* Begin PBXGroup section */
		DE28359D27AB9CE900D6D56A = {
			isa = PBXGroup;
			children = (
				DE2835A827AB9CE900D6D56A /* ECards! */,
				DE2835A727AB9CE900D6D56A /* Products */,
			);
			sourceTree = "<group>";
		};
		DE2835A727AB9CE900D6D56A /* Products */ = {
			isa = PBXGroup;
			children = (
				DE2835A627AB9CE900D6D56A /* ECards!.app */,
			);
			name = Products;
			sourceTree = "<group>";
		};
		DE2835A827AB9CE900D6D56A /* ECards! */ = {
			isa = PBXGroup;
			children = (
				DE2835A927AB9CE900D6D56A /* ECards_App.swift */,
				DE2835AB27AB9CE900D6D56A /* ContentView.swift */,
				DEA69AD127ABA7EE0067FFA8 /* View */,
				DE2835B927AB9D3F00D6D56A /* DataBase */,
				DE2835AD27AB9CEC00D6D56A /* Assets.xcassets */,
				DEA69AC627ABA1FA0067FFA8 /* GoogleService-Info.plist */,
				DE2835AF27AB9CEC00D6D56A /* Preview Content */,
			);
			path = "ECards!";
			sourceTree = "<group>";
		};
		DE2835AF27AB9CEC00D6D56A /* Preview Content */ = {
			isa = PBXGroup;
			children = (
				DE2835B027AB9CEC00D6D56A /* Preview Assets.xcassets */,
			);
			path = "Preview Content";
			sourceTree = "<group>";
		};
		DE2835B927AB9D3F00D6D56A /* DataBase */ = {
			isa = PBXGroup;
			children = (
				DE2835BB27AB9D8500D6D56A /* data.sqlite */,
				DE2835B727AB9D2B00D6D56A /* DataBase.swift */,
			);
			path = DataBase;
			sourceTree = "<group>";
		};
		DE2835C127AB9E4D00D6D56A /* Menu */ = {
			isa = PBXGroup;
			children = (
				DE2835BD27AB9D9C00D6D56A /* MenuView.swift */,
				DE2835BF27AB9DD800D6D56A /* SettingsView.swift */,
			);
			path = Menu;
			sourceTree = "<group>";
		};
		DE2835C227AB9E8C00D6D56A /* Game */ = {
			isa = PBXGroup;
			children = (
				DE2835C327AB9E9900D6D56A /* WordsView.swift */,
				DE2835C527AB9EA600D6D56A /* GameView.swift */,
			);
			path = Game;
			sourceTree = "<group>";
		};
		DE2835C827AB9ED800D6D56A /* Login */ = {
			isa = PBXGroup;
			children = (
				DEA69ACD27ABA6D40067FFA8 /* SignIn.swift */,
			);
			path = Login;
			sourceTree = "<group>";
		};
		DE2835CB27AB9F2900D6D56A /* FirstOpen */ = {
			isa = PBXGroup;
			children = (
				DE2835CC27AB9F4A00D6D56A /* FirstOpenView.swift */,
				DE2835CE27AB9F5700D6D56A /* FirstOpenView_2.swift */,
				DE2835D027AB9F6E00D6D56A /* FirstOpenView_3.swift */,
			);
			path = FirstOpen;
			sourceTree = "<group>";
		};
		DEA69AD127ABA7EE0067FFA8 /* View */ = {
			isa = PBXGroup;
			children = (
				DE2835C827AB9ED800D6D56A /* Login */,
				DE2835C227AB9E8C00D6D56A /* Game */,
				DE2835C127AB9E4D00D6D56A /* Menu */,
				DE2835CB27AB9F2900D6D56A /* FirstOpen */,
			);
			path = View;
			sourceTree = "<group>";
		};
/* End PBXGroup section */

/* Begin PBXNativeTarget section */
		DE2835A527AB9CE900D6D56A /* ECards! */ = {
			isa = PBXNativeTarget;
			buildConfigurationList = DE2835B427AB9CEC00D6D56A /* Build configuration list for PBXNativeTarget "ECards!" */;
			buildPhases = (
				DE2835A227AB9CE900D6D56A /* Sources */,
				DE2835A327AB9CE900D6D56A /* Frameworks */,
				DE2835A427AB9CE900D6D56A /* Resources */,
			);
			buildRules = (
			);
			dependencies = (
			);
			name = "ECards!";
			packageProductDependencies = (
				DEA69AC427ABA1860067FFA8 /* SQLite */,
				DEA69AC927ABA34A0067FFA8 /* FirebaseAnalytics */,
				DEA69ACB27ABA34A0067FFA8 /* FirebaseAuth */,
			);
			productName = "ECards!";
			productReference = DE2835A627AB9CE900D6D56A /* ECards!.app */;
			productType = "com.apple.product-type.application";
		};
/* End PBXNativeTarget section */

/* Begin PBXProject section */
		DE28359E27AB9CE900D6D56A /* Project object */ = {
			isa = PBXProject;
			attributes = {
				BuildIndependentTargetsInParallel = 1;
				LastSwiftUpdateCheck = 1310;
				LastUpgradeCheck = 1310;
				TargetAttributes = {
					DE2835A527AB9CE900D6D56A = {
						CreatedOnToolsVersion = 13.1;
					};
				};
			};
			buildConfigurationList = DE2835A127AB9CE900D6D56A /* Build configuration list for PBXProject "ECards!" */;
			compatibilityVersion = "Xcode 13.0";
			developmentRegion = en;
			hasScannedForEncodings = 0;
			knownRegions = (
				en,
				Base,
			);
			mainGroup = DE28359D27AB9CE900D6D56A;
			packageReferences = (
				DEA69AC327ABA1860067FFA8 /* XCRemoteSwiftPackageReference "SQLite.swift" */,
				DEA69AC827ABA34A0067FFA8 /* XCRemoteSwiftPackageReference "firebase-ios-sdk" */,
			);
			productRefGroup = DE2835A727AB9CE900D6D56A /* Products */;
			projectDirPath = "";
			projectRoot = "";
			targets = (
				DE2835A527AB9CE900D6D56A /* ECards! */,
			);
		};
/* End PBXProject section */

/* Begin PBXResourcesBuildPhase section */
		DE2835A427AB9CE900D6D56A /* Resources */ = {
			isa = PBXResourcesBuildPhase;
			buildActionMask = 2147483647;
			files = (
				DE2835B127AB9CEC00D6D56A /* Preview Assets.xcassets in Resources */,
				DEA69AC727ABA1FA0067FFA8 /* GoogleService-Info.plist in Resources */,
				DE2835BC27AB9D8500D6D56A /* data.sqlite in Resources */,
				DE2835AE27AB9CEC00D6D56A /* Assets.xcassets in Resources */,
			);
			runOnlyForDeploymentPostprocessing = 0;
		};
/* End PBXResourcesBuildPhase section */

/* Begin PBXSourcesBuildPhase section */
		DE2835A227AB9CE900D6D56A /* Sources */ = {
			isa = PBXSourcesBuildPhase;
			buildActionMask = 2147483647;
			files = (
				DE2835C027AB9DD800D6D56A /* SettingsView.swift in Sources */,
				DE2835D127AB9F6E00D6D56A /* FirstOpenView_3.swift in Sources */,
				DE2835AC27AB9CE900D6D56A /* ContentView.swift in Sources */,
				DE2835C427AB9E9900D6D56A /* WordsView.swift in Sources */,
				DE2835CD27AB9F4A00D6D56A /* FirstOpenView.swift in Sources */,
				DE2835BE27AB9D9C00D6D56A /* MenuView.swift in Sources */,
				DEA69ACE27ABA6D40067FFA8 /* SignIn.swift in Sources */,
				DE2835B827AB9D2B00D6D56A /* DataBase.swift in Sources */,
				DE2835AA27AB9CE900D6D56A /* ECards_App.swift in Sources */,
				DE2835CF27AB9F5700D6D56A /* FirstOpenView_2.swift in Sources */,
				DE2835C627AB9EA600D6D56A /* GameView.swift in Sources */,
			);
			runOnlyForDeploymentPostprocessing = 0;
		};
/* End PBXSourcesBuildPhase section */

/* Begin XCBuildConfiguration section */
		DE2835B227AB9CEC00D6D56A /* Debug */ = {
			isa = XCBuildConfiguration;
			buildSettings = {
				ALWAYS_SEARCH_USER_PATHS = NO;
				CLANG_ANALYZER_NONNULL = YES;
				CLANG_ANALYZER_NUMBER_OBJECT_CONVERSION = YES_AGGRESSIVE;
				CLANG_CXX_LANGUAGE_STANDARD = "gnu++17";
				CLANG_CXX_LIBRARY = "libc++";
				CLANG_ENABLE_MODULES = YES;
				CLANG_ENABLE_OBJC_ARC = YES;
				CLANG_ENABLE_OBJC_WEAK = YES;
				CLANG_WARN_BLOCK_CAPTURE_AUTORELEASING = YES;
				CLANG_WARN_BOOL_CONVERSION = YES;
				CLANG_WARN_COMMA = YES;
				CLANG_WARN_CONSTANT_CONVERSION = YES;
				CLANG_WARN_DEPRECATED_OBJC_IMPLEMENTATIONS = YES;
				CLANG_WARN_DIRECT_OBJC_ISA_USAGE = YES_ERROR;
				CLANG_WARN_DOCUMENTATION_COMMENTS = YES;
				CLANG_WARN_EMPTY_BODY = YES;
				CLANG_WARN_ENUM_CONVERSION = YES;
				CLANG_WARN_INFINITE_RECURSION = YES;
				CLANG_WARN_INT_CONVERSION = YES;
				CLANG_WARN_NON_LITERAL_NULL_CONVERSION = YES;
				CLANG_WARN_OBJC_IMPLICIT_RETAIN_SELF = YES;
				CLANG_WARN_OBJC_LITERAL_CONVERSION = YES;
				CLANG_WARN_OBJC_ROOT_CLASS = YES_ERROR;
				CLANG_WARN_QUOTED_INCLUDE_IN_FRAMEWORK_HEADER = YES;
				CLANG_WARN_RANGE_LOOP_ANALYSIS = YES;
				CLANG_WARN_STRICT_PROTOTYPES = YES;
				CLANG_WARN_SUSPICIOUS_MOVE = YES;
				CLANG_WARN_UNGUARDED_AVAILABILITY = YES_AGGRESSIVE;
				CLANG_WARN_UNREACHABLE_CODE = YES;
				CLANG_WARN__DUPLICATE_METHOD_MATCH = YES;
				COPY_PHASE_STRIP = NO;
				DEBUG_INFORMATION_FORMAT = dwarf;
				ENABLE_STRICT_OBJC_MSGSEND = YES;
				ENABLE_TESTABILITY = YES;
				GCC_C_LANGUAGE_STANDARD = gnu11;
				GCC_DYNAMIC_NO_PIC = NO;
				GCC_NO_COMMON_BLOCKS = YES;
				GCC_OPTIMIZATION_LEVEL = 0;
				GCC_PREPROCESSOR_DEFINITIONS = (
					"DEBUG=1",
					"$(inherited)",
				);
				GCC_WARN_64_TO_32_BIT_CONVERSION = YES;
				GCC_WARN_ABOUT_RETURN_TYPE = YES_ERROR;
				GCC_WARN_UNDECLARED_SELECTOR = YES;
				GCC_WARN_UNINITIALIZED_AUTOS = YES_AGGRESSIVE;
				GCC_WARN_UNUSED_FUNCTION = YES;
				GCC_WARN_UNUSED_VARIABLE = YES;
				IPHONEOS_DEPLOYMENT_TARGET = 15.0;
				MTL_ENABLE_DEBUG_INFO = INCLUDE_SOURCE;
				MTL_FAST_MATH = YES;
				ONLY_ACTIVE_ARCH = YES;
				SDKROOT = iphoneos;
				SWIFT_ACTIVE_COMPILATION_CONDITIONS = DEBUG;
				SWIFT_OPTIMIZATION_LEVEL = "-Onone";
			};
			name = Debug;
		};
		DE2835B327AB9CEC00D6D56A /* Release */ = {
			isa = XCBuildConfiguration;
			buildSettings = {
				ALWAYS_SEARCH_USER_PATHS = NO;
				CLANG_ANALYZER_NONNULL = YES;
				CLANG_ANALYZER_NUMBER_OBJECT_CONVERSION = YES_AGGRESSIVE;
				CLANG_CXX_LANGUAGE_STANDARD = "gnu++17";
				CLANG_CXX_LIBRARY = "libc++";
				CLANG_ENABLE_MODULES = YES;
				CLANG_ENABLE_OBJC_ARC = YES;
				CLANG_ENABLE_OBJC_WEAK = YES;
				CLANG_WARN_BLOCK_CAPTURE_AUTORELEASING = YES;
				CLANG_WARN_BOOL_CONVERSION = YES;
				CLANG_WARN_COMMA = YES;
				CLANG_WARN_CONSTANT_CONVERSION = YES;
				CLANG_WARN_DEPRECATED_OBJC_IMPLEMENTATIONS = YES;
				CLANG_WARN_DIRECT_OBJC_ISA_USAGE = YES_ERROR;
				CLANG_WARN_DOCUMENTATION_COMMENTS = YES;
				CLANG_WARN_EMPTY_BODY = YES;
				CLANG_WARN_ENUM_CONVERSION = YES;
				CLANG_WARN_INFINITE_RECURSION = YES;
				CLANG_WARN_INT_CONVERSION = YES;
				CLANG_WARN_NON_LITERAL_NULL_CONVERSION = YES;
				CLANG_WARN_OBJC_IMPLICIT_RETAIN_SELF = YES;
				CLANG_WARN_OBJC_LITERAL_CONVERSION = YES;
				CLANG_WARN_OBJC_ROOT_CLASS = YES_ERROR;
				CLANG_WARN_QUOTED_INCLUDE_IN_FRAMEWORK_HEADER = YES;
				CLANG_WARN_RANGE_LOOP_ANALYSIS = YES;
				CLANG_WARN_STRICT_PROTOTYPES = YES;
				CLANG_WARN_SUSPICIOUS_MOVE = YES;
				CLANG_WARN_UNGUARDED_AVAILABILITY = YES_AGGRESSIVE;
				CLANG_WARN_UNREACHABLE_CODE = YES;
				CLANG_WARN__DUPLICATE_METHOD_MATCH = YES;
				COPY_PHASE_STRIP = NO;
				DEBUG_INFORMATION_FORMAT = "dwarf-with-dsym";
				ENABLE_NS_ASSERTIONS = NO;
				ENABLE_STRICT_OBJC_MSGSEND = YES;
				GCC_C_LANGUAGE_STANDARD = gnu11;
				GCC_NO_COMMON_BLOCKS = YES;
				GCC_WARN_64_TO_32_BIT_CONVERSION = YES;
				GCC_WARN_ABOUT_RETURN_TYPE = YES_ERROR;
				GCC_WARN_UNDECLARED_SELECTOR = YES;
				GCC_WARN_UNINITIALIZED_AUTOS = YES_AGGRESSIVE;
				GCC_WARN_UNUSED_FUNCTION = YES;
				GCC_WARN_UNUSED_VARIABLE = YES;
				IPHONEOS_DEPLOYMENT_TARGET = 15.0;
				MTL_ENABLE_DEBUG_INFO = NO;
				MTL_FAST_MATH = YES;
				SDKROOT = iphoneos;
				SWIFT_COMPILATION_MODE = wholemodule;
				SWIFT_OPTIMIZATION_LEVEL = "-O";
				VALIDATE_PRODUCT = YES;
			};
			name = Release;
		};
		DE2835B527AB9CEC00D6D56A /* Debug */ = {
			isa = XCBuildConfiguration;
			buildSettings = {
				ASSETCATALOG_COMPILER_APPICON_NAME = AppIcon;
				ASSETCATALOG_COMPILER_GLOBAL_ACCENT_COLOR_NAME = AccentColor;
				CODE_SIGN_STYLE = Automatic;
				CURRENT_PROJECT_VERSION = 1;
				DEVELOPMENT_ASSET_PATHS = "\"ECards!/Preview Content\"";
				DEVELOPMENT_TEAM = 2SHFKNC62G;
				ENABLE_PREVIEWS = YES;
				GENERATE_INFOPLIST_FILE = YES;
				INFOPLIST_KEY_UIApplicationSceneManifest_Generation = YES;
				INFOPLIST_KEY_UIApplicationSupportsIndirectInputEvents = YES;
				INFOPLIST_KEY_UILaunchScreen_Generation = YES;
				INFOPLIST_KEY_UISupportedInterfaceOrientations = UIInterfaceOrientationPortrait;
				INFOPLIST_KEY_UISupportedInterfaceOrientations_iPad = "UIInterfaceOrientationPortrait UIInterfaceOrientationPortraitUpsideDown UIInterfaceOrientationLandscapeLeft UIInterfaceOrientationLandscapeRight";
				INFOPLIST_KEY_UISupportedInterfaceOrientations_iPhone = "UIInterfaceOrientationPortrait UIInterfaceOrientationLandscapeLeft UIInterfaceOrientationLandscapeRight";
				LD_RUNPATH_SEARCH_PATHS = (
					"$(inherited)",
					"@executable_path/Frameworks",
				);
				MARKETING_VERSION = 1.0;
				PRODUCT_BUNDLE_IDENTIFIER = "dbalantaev.ECards-";
				PRODUCT_NAME = "$(TARGET_NAME)";
				SWIFT_EMIT_LOC_STRINGS = YES;
				SWIFT_VERSION = 5.0;
				TARGETED_DEVICE_FAMILY = 1;
			};
			name = Debug;
		};
		DE2835B627AB9CEC00D6D56A /* Release */ = {
			isa = XCBuildConfiguration;
			buildSettings = {
				ASSETCATALOG_COMPILER_APPICON_NAME = AppIcon;
				ASSETCATALOG_COMPILER_GLOBAL_ACCENT_COLOR_NAME = AccentColor;
				CODE_SIGN_STYLE = Automatic;
				CURRENT_PROJECT_VERSION = 1;
				DEVELOPMENT_ASSET_PATHS = "\"ECards!/Preview Content\"";
				DEVELOPMENT_TEAM = 2SHFKNC62G;
				ENABLE_PREVIEWS = YES;
				GENERATE_INFOPLIST_FILE = YES;
				INFOPLIST_KEY_UIApplicationSceneManifest_Generation = YES;
				INFOPLIST_KEY_UIApplicationSupportsIndirectInputEvents = YES;
				INFOPLIST_KEY_UILaunchScreen_Generation = YES;
				INFOPLIST_KEY_UISupportedInterfaceOrientations = UIInterfaceOrientationPortrait;
				INFOPLIST_KEY_UISupportedInterfaceOrientations_iPad = "UIInterfaceOrientationPortrait UIInterfaceOrientationPortraitUpsideDown UIInterfaceOrientationLandscapeLeft UIInterfaceOrientationLandscapeRight";
				INFOPLIST_KEY_UISupportedInterfaceOrientations_iPhone = "UIInterfaceOrientationPortrait UIInterfaceOrientationLandscapeLeft UIInterfaceOrientationLandscapeRight";
				LD_RUNPATH_SEARCH_PATHS = (
					"$(inherited)",
					"@executable_path/Frameworks",
				);
				MARKETING_VERSION = 1.0;
				PRODUCT_BUNDLE_IDENTIFIER = "dbalantaev.ECards-";
				PRODUCT_NAME = "$(TARGET_NAME)";
				SWIFT_EMIT_LOC_STRINGS = YES;
				SWIFT_VERSION = 5.0;
				TARGETED_DEVICE_FAMILY = 1;
			};
			name = Release;
		};
/* End XCBuildConfiguration section */

/* Begin XCConfigurationList section */
		DE2835A127AB9CE900D6D56A /* Build configuration list for PBXProject "ECards!" */ = {
			isa = XCConfigurationList;
			buildConfigurations = (
				DE2835B227AB9CEC00D6D56A /* Debug */,
				DE2835B327AB9CEC00D6D56A /* Release */,
			);
			defaultConfigurationIsVisible = 0;
			defaultConfigurationName = Release;
		};
		DE2835B427AB9CEC00D6D56A /* Build configuration list for PBXNativeTarget "ECards!" */ = {
			isa = XCConfigurationList;
			buildConfigurations = (
				DE2835B527AB9CEC00D6D56A /* Debug */,
				DE2835B627AB9CEC00D6D56A /* Release */,
			);
			defaultConfigurationIsVisible = 0;
			defaultConfigurationName = Release;
		};
/* End XCConfigurationList section */

/* Begin XCRemoteSwiftPackageReference section */
		DEA69AC327ABA1860067FFA8 /* XCRemoteSwiftPackageReference "SQLite.swift" */ = {
			isa = XCRemoteSwiftPackageReference;
			repositoryURL = "https://github.com/stephencelis/SQLite.swift.git";
			requirement = {
				kind = upToNextMajorVersion;
				minimumVersion = 0.9.2;
			};
		};
		DEA69AC827ABA34A0067FFA8 /* XCRemoteSwiftPackageReference "firebase-ios-sdk" */ = {
			isa = XCRemoteSwiftPackageReference;
			repositoryURL = "https://github.com/firebase/firebase-ios-sdk";
			requirement = {
				kind = upToNextMajorVersion;
				minimumVersion = 8.0.0;
			};
		};
/* End XCRemoteSwiftPackageReference section */

/* Begin XCSwiftPackageProductDependency section */
		DEA69AC427ABA1860067FFA8 /* SQLite */ = {
			isa = XCSwiftPackageProductDependency;
			package = DEA69AC327ABA1860067FFA8 /* XCRemoteSwiftPackageReference "SQLite.swift" */;
			productName = SQLite;
		};
		DEA69AC927ABA34A0067FFA8 /* FirebaseAnalytics */ = {
			isa = XCSwiftPackageProductDependency;
			package = DEA69AC827ABA34A0067FFA8 /* XCRemoteSwiftPackageReference "firebase-ios-sdk" */;
			productName = FirebaseAnalytics;
		};
		DEA69ACB27ABA34A0067FFA8 /* FirebaseAuth */ = {
			isa = XCSwiftPackageProductDependency;
			package = DEA69AC827ABA34A0067FFA8 /* XCRemoteSwiftPackageReference "firebase-ios-sdk" */;
			productName = FirebaseAuth;
		};
/* End XCSwiftPackageProductDependency section */
	};
	rootObject = DE28359E27AB9CE900D6D56A /* Project object */;
}
